
Microsoft Visual Studio Solution File, Format Version 12.00
# Visual Studio 14
VisualStudioVersion = 14.0.24720.0
MinimumVisualStudioVersion = 10.0.40219.1
Project("{FAE04EC0-301F-11D3-BF4B-00C04F79EFBC}") = "AdmitadAdGenerator", "AdmitadAdGenerator\AdmitadAdGenerator.csproj", "{0E10A1B3-1ED9-4BC0-B3F1-54FEE64AA76D}"
EndProject
Project("{FAE04EC0-301F-11D3-BF4B-00C04F79EFBC}") = "AdmitadAPI", "AdmitadAPI\AdmitadAPI.csproj", "{197FC0A1-4ABE-4F7D-A5A7-973A85D41BE2}"
EndProject
Project("{00D1A9C2-B5F0-4AF3-8072-F6C62B433612}") = "AdmitadAdsDB", "AdmitadAdsDB\AdmitadAdsDB.sqlproj", "{24CBE5CB-8F8C-4929-B89E-DA4855F4A4F0}"
EndProject
Global
	GlobalSection(SolutionConfigurationPlatforms) = preSolution
		Debug|Any CPU = Debug|Any CPU
		Release|Any CPU = Release|Any CPU
	EndGlobalSection
	GlobalSection(ProjectConfigurationPlatforms) = postSolution
		{0E10A1B3-1ED9-4BC0-B3F1-54FEE64AA76D}.Debug|Any CPU.ActiveCfg = Debug|Any CPU
		{0E10A1B3-1ED9-4BC0-B3F1-54FEE64AA76D}.Debug|Any CPU.Build.0 = Debug|Any CPU
		{0E10A1B3-1ED9-4BC0-B3F1-54FEE64AA76D}.Release|Any CPU.ActiveCfg = Release|Any CPU
		{0E10A1B3-1ED9-4BC0-B3F1-54FEE64AA76D}.Release|Any CPU.Build.0 = Release|Any CPU
		{197FC0A1-4ABE-4F7D-A5A7-973A85D41BE2}.Debug|Any CPU.ActiveCfg = Debug|Any CPU
		{197FC0A1-4ABE-4F7D-A5A7-973A85D41BE2}.Debug|Any CPU.Build.0 = Debug|Any CPU
		{197FC0A1-4ABE-4F7D-A5A7-973A85D41BE2}.Release|Any CPU.ActiveCfg = Release|Any CPU
		{197FC0A1-4ABE-4F7D-A5A7-973A85D41BE2}.Release|Any CPU.Build.0 = Release|Any CPU
		{24CBE5CB-8F8C-4929-B89E-DA4855F4A4F0}.Debug|Any CPU.ActiveCfg = Debug|Any CPU
		{24CBE5CB-8F8C-4929-B89E-DA4855F4A4F0}.Debug|Any CPU.Build.0 = Debug|Any CPU
		{24CBE5CB-8F8C-4929-B89E-DA4855F4A4F0}.Debug|Any CPU.Deploy.0 = Debug|Any CPU
		{24CBE5CB-8F8C-4929-B89E-DA4855F4A4F0}.Release|Any CPU.ActiveCfg = Release|Any CPU
		{24CBE5CB-8F8C-4929-B89E-DA4855F4A4F0}.Release|Any CPU.Build.0 = Release|Any CPU
		{24CBE5CB-8F8C-4929-B89E-DA4855F4A4F0}.Release|Any CPU.Deploy.0 = Release|Any CPU
	EndGlobalSection
	GlobalSection(SolutionProperties) = preSolution
		HideSolutionNode = FALSE
	EndGlobalSection
EndGlobal
